
Microsoft Visual Studio Solution File, Format Version 12.00
# Visual Studio Version 17
VisualStudioVersion = 17.14.36915.13 d17.14
MinimumVisualStudioVersion = 10.0.40219.1
Project("{FAE04EC0-301F-11D3-BF4B-00C04F79EFBC}") = "blind_match", "blind_match\blind_match.csproj", "{E06EDCF6-D674-45DA-8144-48D1D0F009BF}"
EndProject
Global
	GlobalSection(SolutionConfigurationPlatforms) = preSolution
		Debug|Any CPU = Debug|Any CPU
		Release|Any CPU = Release|Any CPU
	EndGlobalSection
	GlobalSection(ProjectConfigurationPlatforms) = postSolution
		{E06EDCF6-D674-45DA-8144-48D1D0F009BF}.Debug|Any CPU.ActiveCfg = Debug|Any CPU
		{E06EDCF6-D674-45DA-8144-48D1D0F009BF}.Debug|Any CPU.Build.0 = Debug|Any CPU
		{E06EDCF6-D674-45DA-8144-48D1D0F009BF}.Release|Any CPU.ActiveCfg = Release|Any CPU
		{E06EDCF6-D674-45DA-8144-48D1D0F009BF}.Release|Any CPU.Build.0 = Release|Any CPU
	EndGlobalSection
	GlobalSection(SolutionProperties) = preSolution
		HideSolutionNode = FALSE
	EndGlobalSection
	GlobalSection(ExtensibilityGlobals) = postSolution
		SolutionGuid = {76073B29-27B0-4DDE-B29C-B1A0D068F036}
	EndGlobalSection
EndGlobal
